// !$*UTF8*$!
{
	archiveVersion = 1;
	classes = {
	};
	objectVersion = 46;
	objects = {

/* Begin PBXBuildFile section */
		284E06F51B7A999100FB5346 /* AppDelegate.swift in Sources */ = {isa = PBXBuildFile; fileRef = 284E06F41B7A999100FB5346 /* AppDelegate.swift */; };
		284E06FA1B7A999100FB5346 /* Main.storyboard in Resources */ = {isa = PBXBuildFile; fileRef = 284E06F81B7A999100FB5346 /* Main.storyboard */; };
		284E06FC1B7A999100FB5346 /* Images.xcassets in Resources */ = {isa = PBXBuildFile; fileRef = 284E06FB1B7A999100FB5346 /* Images.xcassets */; };
		284E06FF1B7A999100FB5346 /* LaunchScreen.xib in Resources */ = {isa = PBXBuildFile; fileRef = 284E06FD1B7A999100FB5346 /* LaunchScreen.xib */; };
		284E070B1B7A999100FB5346 /* Crave_FinalTests.swift in Sources */ = {isa = PBXBuildFile; fileRef = 284E070A1B7A999100FB5346 /* Crave_FinalTests.swift */; };
		284E07181B7A99F900FB5346 /* WelcomeViewController.swift in Sources */ = {isa = PBXBuildFile; fileRef = 284E07171B7A99F900FB5346 /* WelcomeViewController.swift */; };
		284E071A1B7A9A2100FB5346 /* CategoriesCollectionViewController.swift in Sources */ = {isa = PBXBuildFile; fileRef = 284E07191B7A9A2100FB5346 /* CategoriesCollectionViewController.swift */; };
		284E071C1B7A9A4E00FB5346 /* PlateViewController.swift in Sources */ = {isa = PBXBuildFile; fileRef = 284E071B1B7A9A4E00FB5346 /* PlateViewController.swift */; };
		284E071E1B7A9A7E00FB5346 /* ChooseViewController.swift in Sources */ = {isa = PBXBuildFile; fileRef = 284E071D1B7A9A7E00FB5346 /* ChooseViewController.swift */; };
		284E07201B7A9A9900FB5346 /* ResultsViewController.swift in Sources */ = {isa = PBXBuildFile; fileRef = 284E071F1B7A9A9900FB5346 /* ResultsViewController.swift */; };
		284E07221B7A9AF900FB5346 /* PlateHelper.swift in Sources */ = {isa = PBXBuildFile; fileRef = 284E07211B7A9AF900FB5346 /* PlateHelper.swift */; };
		284E07241B7A9B2B00FB5346 /* ChooseHelper.swift in Sources */ = {isa = PBXBuildFile; fileRef = 284E07231B7A9B2B00FB5346 /* ChooseHelper.swift */; };
		284E07261B7A9B4800FB5346 /* LocationHelper.swift in Sources */ = {isa = PBXBuildFile; fileRef = 284E07251B7A9B4800FB5346 /* LocationHelper.swift */; };
		284E07281B7A9B7000FB5346 /* Storyboard.swift in Sources */ = {isa = PBXBuildFile; fileRef = 284E07271B7A9B7000FB5346 /* Storyboard.swift */; };
		284E072A1B7A9B8B00FB5346 /* RealmString.swift in Sources */ = {isa = PBXBuildFile; fileRef = 284E07291B7A9B8B00FB5346 /* RealmString.swift */; };
		284E072C1B7A9BB500FB5346 /* AutoCompleteTextField.swift in Sources */ = {isa = PBXBuildFile; fileRef = 284E072B1B7A9BB500FB5346 /* AutoCompleteTextField.swift */; };
		284E072E1B7A9BD600FB5346 /* MealObject.swift in Sources */ = {isa = PBXBuildFile; fileRef = 284E072D1B7A9BD600FB5346 /* MealObject.swift */; };
		284E07301B7A9BED00FB5346 /* User.swift in Sources */ = {isa = PBXBuildFile; fileRef = 284E072F1B7A9BED00FB5346 /* User.swift */; };
		284E07331B7A9C3500FB5346 /* PlateTableViewCell.swift in Sources */ = {isa = PBXBuildFile; fileRef = 284E07321B7A9C3500FB5346 /* PlateTableViewCell.swift */; };
		284E07351B7A9C4E00FB5346 /* ChooseTableViewCell.swift in Sources */ = {isa = PBXBuildFile; fileRef = 284E07341B7A9C4E00FB5346 /* ChooseTableViewCell.swift */; };
		284E07371B7A9C6A00FB5346 /* CategoryCollectionViewCell.swift in Sources */ = {isa = PBXBuildFile; fileRef = 284E07361B7A9C6A00FB5346 /* CategoryCollectionViewCell.swift */; };
/* End PBXBuildFile section */

/* Begin PBXContainerItemProxy section */
		284E07051B7A999100FB5346 /* PBXContainerItemProxy */ = {
			isa = PBXContainerItemProxy;
			containerPortal = 284E06E71B7A999100FB5346 /* Project object */;
			proxyType = 1;
			remoteGlobalIDString = 284E06EE1B7A999100FB5346;
			remoteInfo = "Crave Final";
		};
/* End PBXContainerItemProxy section */

/* Begin PBXFileReference section */
		284E06EF1B7A999100FB5346 /* Crave Final.app */ = {isa = PBXFileReference; explicitFileType = wrapper.application; includeInIndex = 0; path = "Crave Final.app"; sourceTree = BUILT_PRODUCTS_DIR; };
		284E06F31B7A999100FB5346 /* Info.plist */ = {isa = PBXFileReference; lastKnownFileType = text.plist.xml; path = Info.plist; sourceTree = "<group>"; };
		284E06F41B7A999100FB5346 /* AppDelegate.swift */ = {isa = PBXFileReference; lastKnownFileType = sourcecode.swift; path = AppDelegate.swift; sourceTree = "<group>"; };
		284E06F91B7A999100FB5346 /* Base */ = {isa = PBXFileReference; lastKnownFileType = file.storyboard; name = Base; path = Base.lproj/Main.storyboard; sourceTree = "<group>"; };
		284E06FB1B7A999100FB5346 /* Images.xcassets */ = {isa = PBXFileReference; lastKnownFileType = folder.assetcatalog; path = Images.xcassets; sourceTree = "<group>"; };
		284E06FE1B7A999100FB5346 /* Base */ = {isa = PBXFileReference; lastKnownFileType = file.xib; name = Base; path = Base.lproj/LaunchScreen.xib; sourceTree = "<group>"; };
		284E07041B7A999100FB5346 /* Crave FinalTests.xctest */ = {isa = PBXFileReference; explicitFileType = wrapper.cfbundle; includeInIndex = 0; path = "Crave FinalTests.xctest"; sourceTree = BUILT_PRODUCTS_DIR; };
		284E07091B7A999100FB5346 /* Info.plist */ = {isa = PBXFileReference; lastKnownFileType = text.plist.xml; path = Info.plist; sourceTree = "<group>"; };
		284E070A1B7A999100FB5346 /* Crave_FinalTests.swift */ = {isa = PBXFileReference; lastKnownFileType = sourcecode.swift; path = Crave_FinalTests.swift; sourceTree = "<group>"; };
		284E07171B7A99F900FB5346 /* WelcomeViewController.swift */ = {isa = PBXFileReference; fileEncoding = 4; lastKnownFileType = sourcecode.swift; path = WelcomeViewController.swift; sourceTree = "<group>"; };
		284E07191B7A9A2100FB5346 /* CategoriesCollectionViewController.swift */ = {isa = PBXFileReference; fileEncoding = 4; lastKnownFileType = sourcecode.swift; path = CategoriesCollectionViewController.swift; sourceTree = "<group>"; };
		284E071B1B7A9A4E00FB5346 /* PlateViewController.swift */ = {isa = PBXFileReference; fileEncoding = 4; lastKnownFileType = sourcecode.swift; path = PlateViewController.swift; sourceTree = "<group>"; };
		284E071D1B7A9A7E00FB5346 /* ChooseViewController.swift */ = {isa = PBXFileReference; fileEncoding = 4; lastKnownFileType = sourcecode.swift; path = ChooseViewController.swift; sourceTree = "<group>"; };
		284E071F1B7A9A9900FB5346 /* ResultsViewController.swift */ = {isa = PBXFileReference; fileEncoding = 4; lastKnownFileType = sourcecode.swift; path = ResultsViewController.swift; sourceTree = "<group>"; };
		284E07211B7A9AF900FB5346 /* PlateHelper.swift */ = {isa = PBXFileReference; fileEncoding = 4; lastKnownFileType = sourcecode.swift; path = PlateHelper.swift; sourceTree = "<group>"; };
		284E07231B7A9B2B00FB5346 /* ChooseHelper.swift */ = {isa = PBXFileReference; fileEncoding = 4; lastKnownFileType = sourcecode.swift; path = ChooseHelper.swift; sourceTree = "<group>"; };
		284E07251B7A9B4800FB5346 /* LocationHelper.swift */ = {isa = PBXFileReference; fileEncoding = 4; lastKnownFileType = sourcecode.swift; path = LocationHelper.swift; sourceTree = "<group>"; };
		284E07271B7A9B7000FB5346 /* Storyboard.swift */ = {isa = PBXFileReference; fileEncoding = 4; lastKnownFileType = sourcecode.swift; path = Storyboard.swift; sourceTree = "<group>"; };
		284E07291B7A9B8B00FB5346 /* RealmString.swift */ = {isa = PBXFileReference; fileEncoding = 4; lastKnownFileType = sourcecode.swift; path = RealmString.swift; sourceTree = "<group>"; };
		284E072B1B7A9BB500FB5346 /* AutoCompleteTextField.swift */ = {isa = PBXFileReference; fileEncoding = 4; lastKnownFileType = sourcecode.swift; path = AutoCompleteTextField.swift; sourceTree = "<group>"; };
		284E072D1B7A9BD600FB5346 /* MealObject.swift */ = {isa = PBXFileReference; fileEncoding = 4; lastKnownFileType = sourcecode.swift; path = MealObject.swift; sourceTree = "<group>"; };
		284E072F1B7A9BED00FB5346 /* User.swift */ = {isa = PBXFileReference; fileEncoding = 4; lastKnownFileType = sourcecode.swift; path = User.swift; sourceTree = "<group>"; };
		284E07321B7A9C3500FB5346 /* PlateTableViewCell.swift */ = {isa = PBXFileReference; fileEncoding = 4; lastKnownFileType = sourcecode.swift; path = PlateTableViewCell.swift; sourceTree = "<group>"; };
		284E07341B7A9C4E00FB5346 /* ChooseTableViewCell.swift */ = {isa = PBXFileReference; fileEncoding = 4; lastKnownFileType = sourcecode.swift; path = ChooseTableViewCell.swift; sourceTree = "<group>"; };
		284E07361B7A9C6A00FB5346 /* CategoryCollectionViewCell.swift */ = {isa = PBXFileReference; fileEncoding = 4; lastKnownFileType = sourcecode.swift; path = CategoryCollectionViewCell.swift; sourceTree = "<group>"; };
/* End PBXFileReference section */

/* Begin PBXFrameworksBuildPhase section */
		284E06EC1B7A999100FB5346 /* Frameworks */ = {
			isa = PBXFrameworksBuildPhase;
			buildActionMask = 2147483647;
			files = (
			);
			runOnlyForDeploymentPostprocessing = 0;
		};
		284E07011B7A999100FB5346 /* Frameworks */ = {
			isa = PBXFrameworksBuildPhase;
			buildActionMask = 2147483647;
			files = (
			);
			runOnlyForDeploymentPostprocessing = 0;
		};
/* End PBXFrameworksBuildPhase section */

/* Begin PBXGroup section */
		284E06E61B7A999100FB5346 = {
			isa = PBXGroup;
			children = (
				284E06F11B7A999100FB5346 /* Crave Final */,
				284E07071B7A999100FB5346 /* Crave FinalTests */,
				284E06F01B7A999100FB5346 /* Products */,
			);
			sourceTree = "<group>";
		};
		284E06F01B7A999100FB5346 /* Products */ = {
			isa = PBXGroup;
			children = (
				284E06EF1B7A999100FB5346 /* Crave Final.app */,
				284E07041B7A999100FB5346 /* Crave FinalTests.xctest */,
			);
			name = Products;
			sourceTree = "<group>";
		};
		284E06F11B7A999100FB5346 /* Crave Final */ = {
			isa = PBXGroup;
			children = (
				284E07311B7A9C1D00FB5346 /* Cells */,
				284E07161B7A99D700FB5346 /* View Controllers */,
				284E07151B7A99D000FB5346 /* Helpers */,
				284E07141B7A99C300FB5346 /* Models */,
				284E06F41B7A999100FB5346 /* AppDelegate.swift */,
				284E06F81B7A999100FB5346 /* Main.storyboard */,
				284E06FB1B7A999100FB5346 /* Images.xcassets */,
				284E06FD1B7A999100FB5346 /* LaunchScreen.xib */,
				284E06F21B7A999100FB5346 /* Supporting Files */,
			);
			path = "Crave Final";
			sourceTree = "<group>";
		};
		284E06F21B7A999100FB5346 /* Supporting Files */ = {
			isa = PBXGroup;
			children = (
				284E06F31B7A999100FB5346 /* Info.plist */,
			);
			name = "Supporting Files";
			sourceTree = "<group>";
		};
		284E07071B7A999100FB5346 /* Crave FinalTests */ = {
			isa = PBXGroup;
			children = (
				284E070A1B7A999100FB5346 /* Crave_FinalTests.swift */,
				284E07081B7A999100FB5346 /* Supporting Files */,
			);
			path = "Crave FinalTests";
			sourceTree = "<group>";
		};
		284E07081B7A999100FB5346 /* Supporting Files */ = {
			isa = PBXGroup;
			children = (
				284E07091B7A999100FB5346 /* Info.plist */,
			);
			name = "Supporting Files";
			sourceTree = "<group>";
		};
		284E07141B7A99C300FB5346 /* Models */ = {
			isa = PBXGroup;
			children = (
				284E072D1B7A9BD600FB5346 /* MealObject.swift */,
				284E072F1B7A9BED00FB5346 /* User.swift */,
			);
			path = Models;
			sourceTree = "<group>";
		};
		284E07151B7A99D000FB5346 /* Helpers */ = {
			isa = PBXGroup;
			children = (
				284E07211B7A9AF900FB5346 /* PlateHelper.swift */,
				284E07231B7A9B2B00FB5346 /* ChooseHelper.swift */,
				284E07251B7A9B4800FB5346 /* LocationHelper.swift */,
				284E07271B7A9B7000FB5346 /* Storyboard.swift */,
				284E07291B7A9B8B00FB5346 /* RealmString.swift */,
				284E072B1B7A9BB500FB5346 /* AutoCompleteTextField.swift */,
			);
			path = Helpers;
			sourceTree = "<group>";
		};
		284E07161B7A99D700FB5346 /* View Controllers */ = {
			isa = PBXGroup;
			children = (
				284E07171B7A99F900FB5346 /* WelcomeViewController.swift */,
				284E07191B7A9A2100FB5346 /* CategoriesCollectionViewController.swift */,
				284E071B1B7A9A4E00FB5346 /* PlateViewController.swift */,
				284E071D1B7A9A7E00FB5346 /* ChooseViewController.swift */,
				284E071F1B7A9A9900FB5346 /* ResultsViewController.swift */,
			);
			path = "View Controllers";
			sourceTree = "<group>";
		};
		284E07311B7A9C1D00FB5346 /* Cells */ = {
			isa = PBXGroup;
			children = (
				284E07321B7A9C3500FB5346 /* PlateTableViewCell.swift */,
				284E07341B7A9C4E00FB5346 /* ChooseTableViewCell.swift */,
				284E07361B7A9C6A00FB5346 /* CategoryCollectionViewCell.swift */,
			);
			path = Cells;
			sourceTree = "<group>";
		};
/* End PBXGroup section */

/* Begin PBXNativeTarget section */
		284E06EE1B7A999100FB5346 /* Crave Final */ = {
			isa = PBXNativeTarget;
			buildConfigurationList = 284E070E1B7A999100FB5346 /* Build configuration list for PBXNativeTarget "Crave Final" */;
			buildPhases = (
				284E06EB1B7A999100FB5346 /* Sources */,
				284E06EC1B7A999100FB5346 /* Frameworks */,
				284E06ED1B7A999100FB5346 /* Resources */,
			);
			buildRules = (
			);
			dependencies = (
			);
			name = "Crave Final";
			productName = "Crave Final";
			productReference = 284E06EF1B7A999100FB5346 /* Crave Final.app */;
			productType = "com.apple.product-type.application";
		};
		284E07031B7A999100FB5346 /* Crave FinalTests */ = {
			isa = PBXNativeTarget;
			buildConfigurationList = 284E07111B7A999100FB5346 /* Build configuration list for PBXNativeTarget "Crave FinalTests" */;
			buildPhases = (
				284E07001B7A999100FB5346 /* Sources */,
				284E07011B7A999100FB5346 /* Frameworks */,
				284E07021B7A999100FB5346 /* Resources */,
			);
			buildRules = (
			);
			dependencies = (
				284E07061B7A999100FB5346 /* PBXTargetDependency */,
			);
			name = "Crave FinalTests";
			productName = "Crave FinalTests";
			productReference = 284E07041B7A999100FB5346 /* Crave FinalTests.xctest */;
			productType = "com.apple.product-type.bundle.unit-test";
		};
/* End PBXNativeTarget section */

/* Begin PBXProject section */
		284E06E71B7A999100FB5346 /* Project object */ = {
			isa = PBXProject;
			attributes = {
				LastUpgradeCheck = 0640;
				ORGANIZATIONNAME = "Sarthak Khillon";
				TargetAttributes = {
					284E06EE1B7A999100FB5346 = {
						CreatedOnToolsVersion = 6.4;
					};
					284E07031B7A999100FB5346 = {
						CreatedOnToolsVersion = 6.4;
						TestTargetID = 284E06EE1B7A999100FB5346;
					};
				};
			};
			buildConfigurationList = 284E06EA1B7A999100FB5346 /* Build configuration list for PBXProject "Crave Final" */;
			compatibilityVersion = "Xcode 3.2";
			developmentRegion = English;
			hasScannedForEncodings = 0;
			knownRegions = (
				en,
				Base,
			);
			mainGroup = 284E06E61B7A999100FB5346;
			productRefGroup = 284E06F01B7A999100FB5346 /* Products */;
			projectDirPath = "";
			projectRoot = "";
			targets = (
				284E06EE1B7A999100FB5346 /* Crave Final */,
				284E07031B7A999100FB5346 /* Crave FinalTests */,
			);
		};
/* End PBXProject section */

/* Begin PBXResourcesBuildPhase section */
		284E06ED1B7A999100FB5346 /* Resources */ = {
			isa = PBXResourcesBuildPhase;
			buildActionMask = 2147483647;
			files = (
				284E06FA1B7A999100FB5346 /* Main.storyboard in Resources */,
				284E06FF1B7A999100FB5346 /* LaunchScreen.xib in Resources */,
				284E06FC1B7A999100FB5346 /* Images.xcassets in Resources */,
			);
			runOnlyForDeploymentPostprocessing = 0;
		};
		284E07021B7A999100FB5346 /* Resources */ = {
			isa = PBXResourcesBuildPhase;
			buildActionMask = 2147483647;
			files = (
			);
			runOnlyForDeploymentPostprocessing = 0;
		};
/* End PBXResourcesBuildPhase section */

/* Begin PBXSourcesBuildPhase section */
		284E06EB1B7A999100FB5346 /* Sources */ = {
			isa = PBXSourcesBuildPhase;
			buildActionMask = 2147483647;
			files = (
				284E06F51B7A999100FB5346 /* AppDelegate.swift in Sources */,
				284E071C1B7A9A4E00FB5346 /* PlateViewController.swift in Sources */,
				284E07331B7A9C3500FB5346 /* PlateTableViewCell.swift in Sources */,
				284E07371B7A9C6A00FB5346 /* CategoryCollectionViewCell.swift in Sources */,
				284E072A1B7A9B8B00FB5346 /* RealmString.swift in Sources */,
				284E07221B7A9AF900FB5346 /* PlateHelper.swift in Sources */,
				284E071A1B7A9A2100FB5346 /* CategoriesCollectionViewController.swift in Sources */,
				284E071E1B7A9A7E00FB5346 /* ChooseViewController.swift in Sources */,
				284E07301B7A9BED00FB5346 /* User.swift in Sources */,
				284E07351B7A9C4E00FB5346 /* ChooseTableViewCell.swift in Sources */,
				284E07181B7A99F900FB5346 /* WelcomeViewController.swift in Sources */,
				284E072E1B7A9BD600FB5346 /* MealObject.swift in Sources */,
				284E07281B7A9B7000FB5346 /* Storyboard.swift in Sources */,
				284E07261B7A9B4800FB5346 /* LocationHelper.swift in Sources */,
				284E072C1B7A9BB500FB5346 /* AutoCompleteTextField.swift in Sources */,
				284E07241B7A9B2B00FB5346 /* ChooseHelper.swift in Sources */,
				284E07201B7A9A9900FB5346 /* ResultsViewController.swift in Sources */,
			);
			runOnlyForDeploymentPostprocessing = 0;
		};
		284E07001B7A999100FB5346 /* Sources */ = {
			isa = PBXSourcesBuildPhase;
			buildActionMask = 2147483647;
			files = (
				284E070B1B7A999100FB5346 /* Crave_FinalTests.swift in Sources */,
			);
			runOnlyForDeploymentPostprocessing = 0;
		};
/* End PBXSourcesBuildPhase section */

/* Begin PBXTargetDependency section */
		284E07061B7A999100FB5346 /* PBXTargetDependency */ = {
			isa = PBXTargetDependency;
			target = 284E06EE1B7A999100FB5346 /* Crave Final */;
			targetProxy = 284E07051B7A999100FB5346 /* PBXContainerItemProxy */;
		};
/* End PBXTargetDependency section */

/* Begin PBXVariantGroup section */
		284E06F81B7A999100FB5346 /* Main.storyboard */ = {
			isa = PBXVariantGroup;
			children = (
				284E06F91B7A999100FB5346 /* Base */,
			);
			name = Main.storyboard;
			sourceTree = "<group>";
		};
		284E06FD1B7A999100FB5346 /* LaunchScreen.xib */ = {
			isa = PBXVariantGroup;
			children = (
				284E06FE1B7A999100FB5346 /* Base */,
			);
			name = LaunchScreen.xib;
			sourceTree = "<group>";
		};
/* End PBXVariantGroup section */

/* Begin XCBuildConfiguration section */
		284E070C1B7A999100FB5346 /* Debug */ = {
			isa = XCBuildConfiguration;
			buildSettings = {
				ALWAYS_SEARCH_USER_PATHS = NO;
				CLANG_CXX_LANGUAGE_STANDARD = "gnu++0x";
				CLANG_CXX_LIBRARY = "libc++";
				CLANG_ENABLE_MODULES = YES;
				CLANG_ENABLE_OBJC_ARC = YES;
				CLANG_WARN_BOOL_CONVERSION = YES;
				CLANG_WARN_CONSTANT_CONVERSION = YES;
				CLANG_WARN_DIRECT_OBJC_ISA_USAGE = YES_ERROR;
				CLANG_WARN_EMPTY_BODY = YES;
				CLANG_WARN_ENUM_CONVERSION = YES;
				CLANG_WARN_INT_CONVERSION = YES;
				CLANG_WARN_OBJC_ROOT_CLASS = YES_ERROR;
				CLANG_WARN_UNREACHABLE_CODE = YES;
				CLANG_WARN__DUPLICATE_METHOD_MATCH = YES;
				"CODE_SIGN_IDENTITY[sdk=iphoneos*]" = "iPhone Developer";
				COPY_PHASE_STRIP = NO;
				DEBUG_INFORMATION_FORMAT = "dwarf-with-dsym";
				ENABLE_STRICT_OBJC_MSGSEND = YES;
				GCC_C_LANGUAGE_STANDARD = gnu99;
				GCC_DYNAMIC_NO_PIC = NO;
				GCC_NO_COMMON_BLOCKS = YES;
				GCC_OPTIMIZATION_LEVEL = 0;
				GCC_PREPROCESSOR_DEFINITIONS = (
					"DEBUG=1",
					"$(inherited)",
				);
				GCC_SYMBOLS_PRIVATE_EXTERN = NO;
				GCC_WARN_64_TO_32_BIT_CONVERSION = YES;
				GCC_WARN_ABOUT_RETURN_TYPE = YES_ERROR;
				GCC_WARN_UNDECLARED_SELECTOR = YES;
				GCC_WARN_UNINITIALIZED_AUTOS = YES_AGGRESSIVE;
				GCC_WARN_UNUSED_FUNCTION = YES;
				GCC_WARN_UNUSED_VARIABLE = YES;
				IPHONEOS_DEPLOYMENT_TARGET = 8.4;
				MTL_ENABLE_DEBUG_INFO = YES;
				ONLY_ACTIVE_ARCH = YES;
				SDKROOT = iphoneos;
				SWIFT_OPTIMIZATION_LEVEL = "-Onone";
				TARGETED_DEVICE_FAMILY = "1,2";
			};
			name = Debug;
		};
		284E070D1B7A999100FB5346 /* Release */ = {
			isa = XCBuildConfiguration;
			buildSettings = {
				ALWAYS_SEARCH_USER_PATHS = NO;
				CLANG_CXX_LANGUAGE_STANDARD = "gnu++0x";
				CLANG_CXX_LIBRARY = "libc++";
				CLANG_ENABLE_MODULES = YES;
				CLANG_ENABLE_OBJC_ARC = YES;
				CLANG_WARN_BOOL_CONVERSION = YES;
				CLANG_WARN_CONSTANT_CONVERSION = YES;
				CLANG_WARN_DIRECT_OBJC_ISA_USAGE = YES_ERROR;
				CLANG_WARN_EMPTY_BODY = YES;
				CLANG_WARN_ENUM_CONVERSION = YES;
				CLANG_WARN_INT_CONVERSION = YES;
				CLANG_WARN_OBJC_ROOT_CLASS = YES_ERROR;
				CLANG_WARN_UNREACHABLE_CODE = YES;
				CLANG_WARN__DUPLICATE_METHOD_MATCH = YES;
				"CODE_SIGN_IDENTITY[sdk=iphoneos*]" = "iPhone Developer";
				COPY_PHASE_STRIP = NO;
				DEBUG_INFORMATION_FORMAT = "dwarf-with-dsym";
				ENABLE_NS_ASSERTIONS = NO;
				ENABLE_STRICT_OBJC_MSGSEND = YES;
				GCC_C_LANGUAGE_STANDARD = gnu99;
				GCC_NO_COMMON_BLOCKS = YES;
				GCC_WARN_64_TO_32_BIT_CONVERSION = YES;
				GCC_WARN_ABOUT_RETURN_TYPE = YES_ERROR;
				GCC_WARN_UNDECLARED_SELECTOR = YES;
				GCC_WARN_UNINITIALIZED_AUTOS = YES_AGGRESSIVE;
				GCC_WARN_UNUSED_FUNCTION = YES;
				GCC_WARN_UNUSED_VARIABLE = YES;
				IPHONEOS_DEPLOYMENT_TARGET = 8.4;
				MTL_ENABLE_DEBUG_INFO = NO;
				SDKROOT = iphoneos;
				TARGETED_DEVICE_FAMILY = "1,2";
				VALIDATE_PRODUCT = YES;
			};
			name = Release;
		};
		284E070F1B7A999100FB5346 /* Debug */ = {
			isa = XCBuildConfiguration;
			buildSettings = {
				ASSETCATALOG_COMPILER_APPICON_NAME = AppIcon;
				INFOPLIST_FILE = "Crave Final/Info.plist";
				LD_RUNPATH_SEARCH_PATHS = "$(inherited) @executable_path/Frameworks";
				PRODUCT_NAME = "$(TARGET_NAME)";
			};
			name = Debug;
		};
		284E07101B7A999100FB5346 /* Release */ = {
			isa = XCBuildConfiguration;
			buildSettings = {
				ASSETCATALOG_COMPILER_APPICON_NAME = AppIcon;
				INFOPLIST_FILE = "Crave Final/Info.plist";
				LD_RUNPATH_SEARCH_PATHS = "$(inherited) @executable_path/Frameworks";
				PRODUCT_NAME = "$(TARGET_NAME)";
			};
			name = Release;
		};
		284E07121B7A999100FB5346 /* Debug */ = {
			isa = XCBuildConfiguration;
			buildSettings = {
				BUNDLE_LOADER = "$(TEST_HOST)";
				FRAMEWORK_SEARCH_PATHS = (
					"$(SDKROOT)/Developer/Library/Frameworks",
					"$(inherited)",
				);
				GCC_PREPROCESSOR_DEFINITIONS = (
					"DEBUG=1",
					"$(inherited)",
				);
				INFOPLIST_FILE = "Crave FinalTests/Info.plist";
				LD_RUNPATH_SEARCH_PATHS = "$(inherited) @executable_path/Frameworks @loader_path/Frameworks";
				PRODUCT_NAME = "$(TARGET_NAME)";
				TEST_HOST = "$(BUILT_PRODUCTS_DIR)/Crave Final.app/Crave Final";
			};
			name = Debug;
		};
		284E07131B7A999100FB5346 /* Release */ = {
			isa = XCBuildConfiguration;
			buildSettings = {
				BUNDLE_LOADER = "$(TEST_HOST)";
				FRAMEWORK_SEARCH_PATHS = (
					"$(SDKROOT)/Developer/Library/Frameworks",
					"$(inherited)",
				);
				INFOPLIST_FILE = "Crave FinalTests/Info.plist";
				LD_RUNPATH_SEARCH_PATHS = "$(inherited) @executable_path/Frameworks @loader_path/Frameworks";
				PRODUCT_NAME = "$(TARGET_NAME)";
				TEST_HOST = "$(BUILT_PRODUCTS_DIR)/Crave Final.app/Crave Final";
			};
			name = Release;
		};
/* End XCBuildConfiguration section */

/* Begin XCConfigurationList section */
		284E06EA1B7A999100FB5346 /* Build configuration list for PBXProject "Crave Final" */ = {
			isa = XCConfigurationList;
			buildConfigurations = (
				284E070C1B7A999100FB5346 /* Debug */,
				284E070D1B7A999100FB5346 /* Release */,
			);
			defaultConfigurationIsVisible = 0;
			defaultConfigurationName = Release;
		};
		284E070E1B7A999100FB5346 /* Build configuration list for PBXNativeTarget "Crave Final" */ = {
			isa = XCConfigurationList;
			buildConfigurations = (
				284E070F1B7A999100FB5346 /* Debug */,
				284E07101B7A999100FB5346 /* Release */,
			);
			defaultConfigurationIsVisible = 0;
		};
		284E07111B7A999100FB5346 /* Build configuration list for PBXNativeTarget "Crave FinalTests" */ = {
			isa = XCConfigurationList;
			buildConfigurations = (
				284E07121B7A999100FB5346 /* Debug */,
				284E07131B7A999100FB5346 /* Release */,
			);
			defaultConfigurationIsVisible = 0;
		};
/* End XCConfigurationList section */
	};
	rootObject = 284E06E71B7A999100FB5346 /* Project object */;
}
